// !$*UTF8*$!
{
	archiveVersion = 1;
	classes = {
	};
	objectVersion = 51;
	objects = {

/* Begin PBXBuildFile section */
		CD07D47324422A3F00FA92DE /* ListingViewController.swift in Sources */ = {isa = PBXBuildFile; fileRef = CD07D47224422A3F00FA92DE /* ListingViewController.swift */; };
		CD07D47624422A8200FA92DE /* ListingCountriesTableViewCell.swift in Sources */ = {isa = PBXBuildFile; fileRef = CD07D47524422A8200FA92DE /* ListingCountriesTableViewCell.swift */; };
		CD0978CB24449F6600AE8A6B /* gettingNews.swift in Sources */ = {isa = PBXBuildFile; fileRef = CD0978CA24449F6600AE8A6B /* gettingNews.swift */; };
		CD0978CD24449FB000AE8A6B /* News.swift in Sources */ = {isa = PBXBuildFile; fileRef = CD0978CC24449FB000AE8A6B /* News.swift */; };
		CD0978CF2444A0FC00AE8A6B /* NewsViewController.swift in Sources */ = {isa = PBXBuildFile; fileRef = CD0978CE2444A0FC00AE8A6B /* NewsViewController.swift */; };
		CD0978D12444A2B900AE8A6B /* NewsTableViewCell.swift in Sources */ = {isa = PBXBuildFile; fileRef = CD0978D02444A2B900AE8A6B /* NewsTableViewCell.swift */; };
		CD0978D32444C0A300AE8A6B /* NewsDetailsViewController.swift in Sources */ = {isa = PBXBuildFile; fileRef = CD0978D22444C0A200AE8A6B /* NewsDetailsViewController.swift */; };
		CD2D78652428CF57002FA9F6 /* gettingNumbers.swift in Sources */ = {isa = PBXBuildFile; fileRef = CD2D78642428CF57002FA9F6 /* gettingNumbers.swift */; };
		CD2D78672428CFE4002FA9F6 /* Constants.swift in Sources */ = {isa = PBXBuildFile; fileRef = CD2D78662428CFE4002FA9F6 /* Constants.swift */; };
		CD488CC22428CAB6002F099F /* Country.swift in Sources */ = {isa = PBXBuildFile; fileRef = CD488CC12428CAB6002F099F /* Country.swift */; };
		CD4FB7F92428C6200005B891 /* AppDelegate.swift in Sources */ = {isa = PBXBuildFile; fileRef = CD4FB7F82428C6200005B891 /* AppDelegate.swift */; };
		CD4FB7FB2428C6200005B891 /* SceneDelegate.swift in Sources */ = {isa = PBXBuildFile; fileRef = CD4FB7FA2428C6200005B891 /* SceneDelegate.swift */; };
		CD4FB7FD2428C6200005B891 /* MapViewController.swift in Sources */ = {isa = PBXBuildFile; fileRef = CD4FB7FC2428C6200005B891 /* MapViewController.swift */; };
		CD4FB8002428C6200005B891 /* Main.storyboard in Resources */ = {isa = PBXBuildFile; fileRef = CD4FB7FE2428C6200005B891 /* Main.storyboard */; };
		CD4FB8022428C6220005B891 /* Assets.xcassets in Resources */ = {isa = PBXBuildFile; fileRef = CD4FB8012428C6220005B891 /* Assets.xcassets */; };
		CD4FB8052428C6220005B891 /* LaunchScreen.storyboard in Resources */ = {isa = PBXBuildFile; fileRef = CD4FB8032428C6220005B891 /* LaunchScreen.storyboard */; };
		CDEE45622451DA7C00FE3A90 /* PopUpViewController.swift in Sources */ = {isa = PBXBuildFile; fileRef = CDEE45612451DA7C00FE3A90 /* PopUpViewController.swift */; };
		E9A43451A58C28FB0A945AEA /* Pods_CoronaTracker.framework in Frameworks */ = {isa = PBXBuildFile; fileRef = 5A143064C256BBF09A6A4E8C /* Pods_CoronaTracker.framework */; };
/* End PBXBuildFile section */

/* Begin PBXFileReference section */
		00FE878925E4E9D0821D48BD /* Pods-CoronaTracker.release.xcconfig */ = {isa = PBXFileReference; includeInIndex = 1; lastKnownFileType = text.xcconfig; name = "Pods-CoronaTracker.release.xcconfig"; path = "Target Support Files/Pods-CoronaTracker/Pods-CoronaTracker.release.xcconfig"; sourceTree = "<group>"; };
		5A143064C256BBF09A6A4E8C /* Pods_CoronaTracker.framework */ = {isa = PBXFileReference; explicitFileType = wrapper.framework; includeInIndex = 0; path = Pods_CoronaTracker.framework; sourceTree = BUILT_PRODUCTS_DIR; };
		6E1F2038E259C1E1845C32EE /* Pods-CoronaTracker.debug.xcconfig */ = {isa = PBXFileReference; includeInIndex = 1; lastKnownFileType = text.xcconfig; name = "Pods-CoronaTracker.debug.xcconfig"; path = "Target Support Files/Pods-CoronaTracker/Pods-CoronaTracker.debug.xcconfig"; sourceTree = "<group>"; };
		CD07D47224422A3F00FA92DE /* ListingViewController.swift */ = {isa = PBXFileReference; lastKnownFileType = sourcecode.swift; path = ListingViewController.swift; sourceTree = "<group>"; };
		CD07D47524422A8200FA92DE /* ListingCountriesTableViewCell.swift */ = {isa = PBXFileReference; lastKnownFileType = sourcecode.swift; path = ListingCountriesTableViewCell.swift; sourceTree = "<group>"; };
		CD0978CA24449F6600AE8A6B /* gettingNews.swift */ = {isa = PBXFileReference; lastKnownFileType = sourcecode.swift; path = gettingNews.swift; sourceTree = "<group>"; };
		CD0978CC24449FB000AE8A6B /* News.swift */ = {isa = PBXFileReference; lastKnownFileType = sourcecode.swift; path = News.swift; sourceTree = "<group>"; };
		CD0978CE2444A0FC00AE8A6B /* NewsViewController.swift */ = {isa = PBXFileReference; lastKnownFileType = sourcecode.swift; path = NewsViewController.swift; sourceTree = "<group>"; };
		CD0978D02444A2B900AE8A6B /* NewsTableViewCell.swift */ = {isa = PBXFileReference; lastKnownFileType = sourcecode.swift; path = NewsTableViewCell.swift; sourceTree = "<group>"; };
		CD0978D22444C0A200AE8A6B /* NewsDetailsViewController.swift */ = {isa = PBXFileReference; lastKnownFileType = sourcecode.swift; path = NewsDetailsViewController.swift; sourceTree = "<group>"; };
		CD2D78642428CF57002FA9F6 /* gettingNumbers.swift */ = {isa = PBXFileReference; lastKnownFileType = sourcecode.swift; path = gettingNumbers.swift; sourceTree = "<group>"; };
		CD2D78662428CFE4002FA9F6 /* Constants.swift */ = {isa = PBXFileReference; lastKnownFileType = sourcecode.swift; path = Constants.swift; sourceTree = "<group>"; };
		CD488CC12428CAB6002F099F /* Country.swift */ = {isa = PBXFileReference; lastKnownFileType = sourcecode.swift; path = Country.swift; sourceTree = "<group>"; };
		CD4FB7F52428C6200005B891 /* CoronaTracker.app */ = {isa = PBXFileReference; explicitFileType = wrapper.application; includeInIndex = 0; path = CoronaTracker.app; sourceTree = BUILT_PRODUCTS_DIR; };
		CD4FB7F82428C6200005B891 /* AppDelegate.swift */ = {isa = PBXFileReference; lastKnownFileType = sourcecode.swift; path = AppDelegate.swift; sourceTree = "<group>"; };
		CD4FB7FA2428C6200005B891 /* SceneDelegate.swift */ = {isa = PBXFileReference; lastKnownFileType = sourcecode.swift; path = SceneDelegate.swift; sourceTree = "<group>"; };
		CD4FB7FC2428C6200005B891 /* MapViewController.swift */ = {isa = PBXFileReference; lastKnownFileType = sourcecode.swift; path = MapViewController.swift; sourceTree = "<group>"; };
		CD4FB7FF2428C6200005B891 /* Base */ = {isa = PBXFileReference; lastKnownFileType = file.storyboard; name = Base; path = Base.lproj/Main.storyboard; sourceTree = "<group>"; };
		CD4FB8012428C6220005B891 /* Assets.xcassets */ = {isa = PBXFileReference; lastKnownFileType = folder.assetcatalog; path = Assets.xcassets; sourceTree = "<group>"; };
		CD4FB8042428C6220005B891 /* Base */ = {isa = PBXFileReference; lastKnownFileType = file.storyboard; name = Base; path = Base.lproj/LaunchScreen.storyboard; sourceTree = "<group>"; };
		CD4FB8062428C6220005B891 /* Info.plist */ = {isa = PBXFileReference; lastKnownFileType = text.plist.xml; path = Info.plist; sourceTree = "<group>"; };
		CDEE45612451DA7C00FE3A90 /* PopUpViewController.swift */ = {isa = PBXFileReference; lastKnownFileType = sourcecode.swift; path = PopUpViewController.swift; sourceTree = "<group>"; };
/* End PBXFileReference section */

/* Begin PBXFrameworksBuildPhase section */
		CD4FB7F22428C6200005B891 /* Frameworks */ = {
			isa = PBXFrameworksBuildPhase;
			buildActionMask = 2147483647;
			files = (
				E9A43451A58C28FB0A945AEA /* Pods_CoronaTracker.framework in Frameworks */,
			);
			runOnlyForDeploymentPostprocessing = 0;
		};
/* End PBXFrameworksBuildPhase section */

/* Begin PBXGroup section */
		62AC1FFA7EAF720E0008FFAD /* Frameworks */ = {
			isa = PBXGroup;
			children = (
				5A143064C256BBF09A6A4E8C /* Pods_CoronaTracker.framework */,
			);
			name = Frameworks;
			sourceTree = "<group>";
		};
		6AAC0229328458C650B98B6F /* Pods */ = {
			isa = PBXGroup;
			children = (
				6E1F2038E259C1E1845C32EE /* Pods-CoronaTracker.debug.xcconfig */,
				00FE878925E4E9D0821D48BD /* Pods-CoronaTracker.release.xcconfig */,
			);
			path = Pods;
			sourceTree = "<group>";
		};
		CD07D47124422A0900FA92DE /* Controllers */ = {
			isa = PBXGroup;
			children = (
				CD07D47424422A5600FA92DE /* cells */,
				CD4FB7FC2428C6200005B891 /* MapViewController.swift */,
				CD07D47224422A3F00FA92DE /* ListingViewController.swift */,
				CD0978CE2444A0FC00AE8A6B /* NewsViewController.swift */,
				CD0978D22444C0A200AE8A6B /* NewsDetailsViewController.swift */,
				CDEE45612451DA7C00FE3A90 /* PopUpViewController.swift */,
			);
			path = Controllers;
			sourceTree = "<group>";
		};
		CD07D47424422A5600FA92DE /* cells */ = {
			isa = PBXGroup;
			children = (
				CD07D47524422A8200FA92DE /* ListingCountriesTableViewCell.swift */,
				CD0978D02444A2B900AE8A6B /* NewsTableViewCell.swift */,
			);
			path = cells;
			sourceTree = "<group>";
		};
		CD07D4772442F80B00FA92DE /* Model */ = {
			isa = PBXGroup;
			children = (
				CD488CC12428CAB6002F099F /* Country.swift */,
				CD0978CC24449FB000AE8A6B /* News.swift */,
			);
			path = Model;
			sourceTree = "<group>";
		};
		CD07D4782442F81A00FA92DE /* Utilities */ = {
			isa = PBXGroup;
			children = (
				CD2D78642428CF57002FA9F6 /* gettingNumbers.swift */,
				CD2D78662428CFE4002FA9F6 /* Constants.swift */,
				CD0978CA24449F6600AE8A6B /* gettingNews.swift */,
			);
			path = Utilities;
			sourceTree = "<group>";
		};
		CD4FB7EC2428C61F0005B891 = {
			isa = PBXGroup;
			children = (
				CD4FB7F72428C6200005B891 /* CoronaTracker */,
				CD4FB7F62428C6200005B891 /* Products */,
				6AAC0229328458C650B98B6F /* Pods */,
				62AC1FFA7EAF720E0008FFAD /* Frameworks */,
			);
			sourceTree = "<group>";
		};
		CD4FB7F62428C6200005B891 /* Products */ = {
			isa = PBXGroup;
			children = (
				CD4FB7F52428C6200005B891 /* CoronaTracker.app */,
			);
			name = Products;
			sourceTree = "<group>";
		};
		CD4FB7F72428C6200005B891 /* CoronaTracker */ = {
			isa = PBXGroup;
			children = (
				CD07D4782442F81A00FA92DE /* Utilities */,
				CD07D4772442F80B00FA92DE /* Model */,
				CD07D47124422A0900FA92DE /* Controllers */,
				CD4FB7F82428C6200005B891 /* AppDelegate.swift */,
				CD4FB7FA2428C6200005B891 /* SceneDelegate.swift */,
				CD4FB7FE2428C6200005B891 /* Main.storyboard */,
				CD4FB8012428C6220005B891 /* Assets.xcassets */,
				CD4FB8032428C6220005B891 /* LaunchScreen.storyboard */,
				CD4FB8062428C6220005B891 /* Info.plist */,
			);
			path = CoronaTracker;
			sourceTree = "<group>";
		};
/* End PBXGroup section */

/* Begin PBXNativeTarget section */
		CD4FB7F42428C6200005B891 /* CoronaTracker */ = {
			isa = PBXNativeTarget;
			buildConfigurationList = CD4FB8092428C6220005B891 /* Build configuration list for PBXNativeTarget "CoronaTracker" */;
			buildPhases = (
				133551B9351B945BF02EC259 /* [CP] Check Pods Manifest.lock */,
				CD4FB7F12428C6200005B891 /* Sources */,
				CD4FB7F22428C6200005B891 /* Frameworks */,
				CD4FB7F32428C6200005B891 /* Resources */,
				2653163EC1F9BE7823F1F040 /* [CP] Copy Pods Resources */,
				00E3F8381DBA11D25EDB286C /* [CP] Embed Pods Frameworks */,
			);
			buildRules = (
			);
			dependencies = (
			);
			name = CoronaTracker;
			productName = CoronaTracker;
			productReference = CD4FB7F52428C6200005B891 /* CoronaTracker.app */;
			productType = "com.apple.product-type.application";
		};
/* End PBXNativeTarget section */

/* Begin PBXProject section */
		CD4FB7ED2428C61F0005B891 /* Project object */ = {
			isa = PBXProject;
			attributes = {
				LastSwiftUpdateCheck = 1130;
				LastUpgradeCheck = 1130;
				ORGANIZATIONNAME = "Faris Dahleh";
				TargetAttributes = {
					CD4FB7F42428C6200005B891 = {
						CreatedOnToolsVersion = 11.3.1;
					};
				};
			};
			buildConfigurationList = CD4FB7F02428C61F0005B891 /* Build configuration list for PBXProject "CoronaTracker" */;
			compatibilityVersion = "Xcode 9.3";
			developmentRegion = en;
			hasScannedForEncodings = 0;
			knownRegions = (
				en,
				Base,
			);
			mainGroup = CD4FB7EC2428C61F0005B891;
			productRefGroup = CD4FB7F62428C6200005B891 /* Products */;
			projectDirPath = "";
			projectRoot = "";
			targets = (
				CD4FB7F42428C6200005B891 /* CoronaTracker */,
			);
		};
/* End PBXProject section */

/* Begin PBXResourcesBuildPhase section */
		CD4FB7F32428C6200005B891 /* Resources */ = {
			isa = PBXResourcesBuildPhase;
			buildActionMask = 2147483647;
			files = (
				CD4FB8052428C6220005B891 /* LaunchScreen.storyboard in Resources */,
				CD4FB8022428C6220005B891 /* Assets.xcassets in Resources */,
				CD4FB8002428C6200005B891 /* Main.storyboard in Resources */,
			);
			runOnlyForDeploymentPostprocessing = 0;
		};
/* End PBXResourcesBuildPhase section */

/* Begin PBXShellScriptBuildPhase section */
		00E3F8381DBA11D25EDB286C /* [CP] Embed Pods Frameworks */ = {
			isa = PBXShellScriptBuildPhase;
			buildActionMask = 2147483647;
			files = (
			);
			inputFileListPaths = (
				"${PODS_ROOT}/Target Support Files/Pods-CoronaTracker/Pods-CoronaTracker-frameworks-${CONFIGURATION}-input-files.xcfilelist",
			);
			name = "[CP] Embed Pods Frameworks";
			outputFileListPaths = (
				"${PODS_ROOT}/Target Support Files/Pods-CoronaTracker/Pods-CoronaTracker-frameworks-${CONFIGURATION}-output-files.xcfilelist",
			);
			runOnlyForDeploymentPostprocessing = 0;
			shellPath = /bin/sh;
			shellScript = "\"${PODS_ROOT}/Target Support Files/Pods-CoronaTracker/Pods-CoronaTracker-frameworks.sh\"\n";
			showEnvVarsInLog = 0;
		};
		133551B9351B945BF02EC259 /* [CP] Check Pods Manifest.lock */ = {
			isa = PBXShellScriptBuildPhase;
			buildActionMask = 2147483647;
			files = (
			);
			inputFileListPaths = (
			);
			inputPaths = (
				"${PODS_PODFILE_DIR_PATH}/Podfile.lock",
				"${PODS_ROOT}/Manifest.lock",
			);
			name = "[CP] Check Pods Manifest.lock";
			outputFileListPaths = (
			);
			outputPaths = (
				"$(DERIVED_FILE_DIR)/Pods-CoronaTracker-checkManifestLockResult.txt",
			);
			runOnlyForDeploymentPostprocessing = 0;
			shellPath = /bin/sh;
			shellScript = "diff \"${PODS_PODFILE_DIR_PATH}/Podfile.lock\" \"${PODS_ROOT}/Manifest.lock\" > /dev/null\nif [ $? != 0 ] ; then\n    # print error to STDERR\n    echo \"error: The sandbox is not in sync with the Podfile.lock. Run 'pod install' or update your CocoaPods installation.\" >&2\n    exit 1\nfi\n# This output is used by Xcode 'outputs' to avoid re-running this script phase.\necho \"SUCCESS\" > \"${SCRIPT_OUTPUT_FILE_0}\"\n";
			showEnvVarsInLog = 0;
		};
		2653163EC1F9BE7823F1F040 /* [CP] Copy Pods Resources */ = {
			isa = PBXShellScriptBuildPhase;
			buildActionMask = 2147483647;
			files = (
			);
			inputFileListPaths = (
				"${PODS_ROOT}/Target Support Files/Pods-CoronaTracker/Pods-CoronaTracker-resources-${CONFIGURATION}-input-files.xcfilelist",
			);
			name = "[CP] Copy Pods Resources";
			outputFileListPaths = (
				"${PODS_ROOT}/Target Support Files/Pods-CoronaTracker/Pods-CoronaTracker-resources-${CONFIGURATION}-output-files.xcfilelist",
			);
			runOnlyForDeploymentPostprocessing = 0;
			shellPath = /bin/sh;
			shellScript = "\"${PODS_ROOT}/Target Support Files/Pods-CoronaTracker/Pods-CoronaTracker-resources.sh\"\n";
			showEnvVarsInLog = 0;
		};
/* End PBXShellScriptBuildPhase section */

/* Begin PBXSourcesBuildPhase section */
		CD4FB7F12428C6200005B891 /* Sources */ = {
			isa = PBXSourcesBuildPhase;
			buildActionMask = 2147483647;
			files = (
				CD488CC22428CAB6002F099F /* Country.swift in Sources */,
				CD0978CB24449F6600AE8A6B /* gettingNews.swift in Sources */,
				CD0978D12444A2B900AE8A6B /* NewsTableViewCell.swift in Sources */,
				CD4FB7FD2428C6200005B891 /* MapViewController.swift in Sources */,
				CD4FB7F92428C6200005B891 /* AppDelegate.swift in Sources */,
				CD0978CF2444A0FC00AE8A6B /* NewsViewController.swift in Sources */,
				CD4FB7FB2428C6200005B891 /* SceneDelegate.swift in Sources */,
				CD0978D32444C0A300AE8A6B /* NewsDetailsViewController.swift in Sources */,
				CD07D47324422A3F00FA92DE /* ListingViewController.swift in Sources */,
				CDEE45622451DA7C00FE3A90 /* PopUpViewController.swift in Sources */,
				CD2D78652428CF57002FA9F6 /* gettingNumbers.swift in Sources */,
				CD2D78672428CFE4002FA9F6 /* Constants.swift in Sources */,
				CD0978CD24449FB000AE8A6B /* News.swift in Sources */,
				CD07D47624422A8200FA92DE /* ListingCountriesTableViewCell.swift in Sources */,
			);
			runOnlyForDeploymentPostprocessing = 0;
		};
/* End PBXSourcesBuildPhase section */

/* Begin PBXVariantGroup section */
		CD4FB7FE2428C6200005B891 /* Main.storyboard */ = {
			isa = PBXVariantGroup;
			children = (
				CD4FB7FF2428C6200005B891 /* Base */,
			);
			name = Main.storyboard;
			sourceTree = "<group>";
		};
		CD4FB8032428C6220005B891 /* LaunchScreen.storyboard */ = {
			isa = PBXVariantGroup;
			children = (
				CD4FB8042428C6220005B891 /* Base */,
			);
			name = LaunchScreen.storyboard;
			sourceTree = "<group>";
		};
/* End PBXVariantGroup section */

/* Begin XCBuildConfiguration section */
		CD4FB8072428C6220005B891 /* Debug */ = {
			isa = XCBuildConfiguration;
			buildSettings = {
				ALWAYS_SEARCH_USER_PATHS = NO;
				CLANG_ANALYZER_NONNULL = YES;
				CLANG_ANALYZER_NUMBER_OBJECT_CONVERSION = YES_AGGRESSIVE;
				CLANG_CXX_LANGUAGE_STANDARD = "gnu++14";
				CLANG_CXX_LIBRARY = "libc++";
				CLANG_ENABLE_MODULES = YES;
				CLANG_ENABLE_OBJC_ARC = YES;
				CLANG_ENABLE_OBJC_WEAK = YES;
				CLANG_WARN_BLOCK_CAPTURE_AUTORELEASING = YES;
				CLANG_WARN_BOOL_CONVERSION = YES;
				CLANG_WARN_COMMA = YES;
				CLANG_WARN_CONSTANT_CONVERSION = YES;
				CLANG_WARN_DEPRECATED_OBJC_IMPLEMENTATIONS = YES;
				CLANG_WARN_DIRECT_OBJC_ISA_USAGE = YES_ERROR;
				CLANG_WARN_DOCUMENTATION_COMMENTS = YES;
				CLANG_WARN_EMPTY_BODY = YES;
				CLANG_WARN_ENUM_CONVERSION = YES;
				CLANG_WARN_INFINITE_RECURSION = YES;
				CLANG_WARN_INT_CONVERSION = YES;
				CLANG_WARN_NON_LITERAL_NULL_CONVERSION = YES;
				CLANG_WARN_OBJC_IMPLICIT_RETAIN_SELF = YES;
				CLANG_WARN_OBJC_LITERAL_CONVERSION = YES;
				CLANG_WARN_OBJC_ROOT_CLASS = YES_ERROR;
				CLANG_WARN_RANGE_LOOP_ANALYSIS = YES;
				CLANG_WARN_STRICT_PROTOTYPES = YES;
				CLANG_WARN_SUSPICIOUS_MOVE = YES;
				CLANG_WARN_UNGUARDED_AVAILABILITY = YES_AGGRESSIVE;
				CLANG_WARN_UNREACHABLE_CODE = YES;
				CLANG_WARN__DUPLICATE_METHOD_MATCH = YES;
				COPY_PHASE_STRIP = NO;
				DEBUG_INFORMATION_FORMAT = dwarf;
				ENABLE_STRICT_OBJC_MSGSEND = YES;
				ENABLE_TESTABILITY = YES;
				GCC_C_LANGUAGE_STANDARD = gnu11;
				GCC_DYNAMIC_NO_PIC = NO;
				GCC_NO_COMMON_BLOCKS = YES;
				GCC_OPTIMIZATION_LEVEL = 0;
				GCC_PREPROCESSOR_DEFINITIONS = (
					"DEBUG=1",
					"$(inherited)",
				);
				GCC_WARN_64_TO_32_BIT_CONVERSION = YES;
				GCC_WARN_ABOUT_RETURN_TYPE = YES_ERROR;
				GCC_WARN_UNDECLARED_SELECTOR = YES;
				GCC_WARN_UNINITIALIZED_AUTOS = YES_AGGRESSIVE;
				GCC_WARN_UNUSED_FUNCTION = YES;
				GCC_WARN_UNUSED_VARIABLE = YES;
				IPHONEOS_DEPLOYMENT_TARGET = 13.2;
				MTL_ENABLE_DEBUG_INFO = INCLUDE_SOURCE;
				MTL_FAST_MATH = YES;
				ONLY_ACTIVE_ARCH = YES;
				SDKROOT = iphoneos;
				SWIFT_ACTIVE_COMPILATION_CONDITIONS = DEBUG;
				SWIFT_OPTIMIZATION_LEVEL = "-Onone";
			};
			name = Debug;
		};
		CD4FB8082428C6220005B891 /* Release */ = {
			isa = XCBuildConfiguration;
			buildSettings = {
				ALWAYS_SEARCH_USER_PATHS = NO;
				CLANG_ANALYZER_NONNULL = YES;
				CLANG_ANALYZER_NUMBER_OBJECT_CONVERSION = YES_AGGRESSIVE;
				CLANG_CXX_LANGUAGE_STANDARD = "gnu++14";
				CLANG_CXX_LIBRARY = "libc++";
				CLANG_ENABLE_MODULES = YES;
				CLANG_ENABLE_OBJC_ARC = YES;
				CLANG_ENABLE_OBJC_WEAK = YES;
				CLANG_WARN_BLOCK_CAPTURE_AUTORELEASING = YES;
				CLANG_WARN_BOOL_CONVERSION = YES;
				CLANG_WARN_COMMA = YES;
				CLANG_WARN_CONSTANT_CONVERSION = YES;
				CLANG_WARN_DEPRECATED_OBJC_IMPLEMENTATIONS = YES;
				CLANG_WARN_DIRECT_OBJC_ISA_USAGE = YES_ERROR;
				CLANG_WARN_DOCUMENTATION_COMMENTS = YES;
				CLANG_WARN_EMPTY_BODY = YES;
				CLANG_WARN_ENUM_CONVERSION = YES;
				CLANG_WARN_INFINITE_RECURSION = YES;
				CLANG_WARN_INT_CONVERSION = YES;
				CLANG_WARN_NON_LITERAL_NULL_CONVERSION = YES;
				CLANG_WARN_OBJC_IMPLICIT_RETAIN_SELF = YES;
				CLANG_WARN_OBJC_LITERAL_CONVERSION = YES;
				CLANG_WARN_OBJC_ROOT_CLASS = YES_ERROR;
				CLANG_WARN_RANGE_LOOP_ANALYSIS = YES;
				CLANG_WARN_STRICT_PROTOTYPES = YES;
				CLANG_WARN_SUSPICIOUS_MOVE = YES;
				CLANG_WARN_UNGUARDED_AVAILABILITY = YES_AGGRESSIVE;
				CLANG_WARN_UNREACHABLE_CODE = YES;
				CLANG_WARN__DUPLICATE_METHOD_MATCH = YES;
				COPY_PHASE_STRIP = NO;
				DEBUG_INFORMATION_FORMAT = "dwarf-with-dsym";
				ENABLE_NS_ASSERTIONS = NO;
				ENABLE_STRICT_OBJC_MSGSEND = YES;
				GCC_C_LANGUAGE_STANDARD = gnu11;
				GCC_NO_COMMON_BLOCKS = YES;
				GCC_WARN_64_TO_32_BIT_CONVERSION = YES;
				GCC_WARN_ABOUT_RETURN_TYPE = YES_ERROR;
				GCC_WARN_UNDECLARED_SELECTOR = YES;
				GCC_WARN_UNINITIALIZED_AUTOS = YES_AGGRESSIVE;
				GCC_WARN_UNUSED_FUNCTION = YES;
				GCC_WARN_UNUSED_VARIABLE = YES;
				IPHONEOS_DEPLOYMENT_TARGET = 13.2;
				MTL_ENABLE_DEBUG_INFO = NO;
				MTL_FAST_MATH = YES;
				SDKROOT = iphoneos;
				SWIFT_COMPILATION_MODE = wholemodule;
				SWIFT_OPTIMIZATION_LEVEL = "-O";
				VALIDATE_PRODUCT = YES;
			};
			name = Release;
		};
		CD4FB80A2428C6220005B891 /* Debug */ = {
			isa = XCBuildConfiguration;
			baseConfigurationReference = 6E1F2038E259C1E1845C32EE /* Pods-CoronaTracker.debug.xcconfig */;
			buildSettings = {
				ASSETCATALOG_COMPILER_APPICON_NAME = AppIcon;
				CODE_SIGN_STYLE = Automatic;
				DEVELOPMENT_TEAM = 7H7G97RSWT;
				INFOPLIST_FILE = CoronaTracker/Info.plist;
				LD_RUNPATH_SEARCH_PATHS = (
					"$(inherited)",
					"@executable_path/Frameworks",
				);
				PRODUCT_BUNDLE_IDENTIFIER = com.farisdahleh.coronatracker2;
				PRODUCT_NAME = "$(TARGET_NAME)";
				SWIFT_VERSION = 5.0;
				TARGETED_DEVICE_FAMILY = "1,2";
			};
			name = Debug;
		};
		CD4FB80B2428C6220005B891 /* Release */ = {
			isa = XCBuildConfiguration;
			baseConfigurationReference = 00FE878925E4E9D0821D48BD /* Pods-CoronaTracker.release.xcconfig */;
			buildSettings = {
				ASSETCATALOG_COMPILER_APPICON_NAME = AppIcon;
				CODE_SIGN_IDENTITY = "Apple Development";
				CODE_SIGN_STYLE = Automatic;
				DEVELOPMENT_TEAM = 4F7HT7PB8X;
				INFOPLIST_FILE = CoronaTracker/Info.plist;
				LD_RUNPATH_SEARCH_PATHS = (
					"$(inherited)",
					"@executable_path/Frameworks",
				);
				PRODUCT_BUNDLE_IDENTIFIER = com.farisdahleh.CoronaTracker;
				PRODUCT_NAME = "$(TARGET_NAME)";
				PROVISIONING_PROFILE_SPECIFIER = "";
				SWIFT_VERSION = 5.0;
				TARGETED_DEVICE_FAMILY = "1,2";
			};
			name = Release;
		};
/* End XCBuildConfiguration section */

/* Begin XCConfigurationList section */
		CD4FB7F02428C61F0005B891 /* Build configuration list for PBXProject "CoronaTracker" */ = {
			isa = XCConfigurationList;
			buildConfigurations = (
				CD4FB8072428C6220005B891 /* Debug */,
				CD4FB8082428C6220005B891 /* Release */,
			);
			defaultConfigurationIsVisible = 0;
			defaultConfigurationName = Release;
		};
		CD4FB8092428C6220005B891 /* Build configuration list for PBXNativeTarget "CoronaTracker" */ = {
			isa = XCConfigurationList;
			buildConfigurations = (
				CD4FB80A2428C6220005B891 /* Debug */,
				CD4FB80B2428C6220005B891 /* Release */,
			);
			defaultConfigurationIsVisible = 0;
			defaultConfigurationName = Release;
		};
/* End XCConfigurationList section */
	};
	rootObject = CD4FB7ED2428C61F0005B891 /* Project object */;
}
